
Microsoft Visual Studio Solution File, Format Version 12.00
# Visual Studio Version 17
VisualStudioVersion = 17.14.36908.2 d17.14
MinimumVisualStudioVersion = 10.0.40219.1
Project("{FAE04EC0-301F-11D3-BF4B-00C04F79EFBC}") = "EwidencjaPojazdow", "EwidencjaPojazdow\EwidencjaPojazdow.csproj", "{3D114066-EF17-410B-A7F7-90782923C19B}"
EndProject
Global
	GlobalSection(SolutionConfigurationPlatforms) = preSolution
		Debug|Any CPU = Debug|Any CPU
		Release|Any CPU = Release|Any CPU
	EndGlobalSection
	GlobalSection(ProjectConfigurationPlatforms) = postSolution
		{3D114066-EF17-410B-A7F7-90782923C19B}.Debug|Any CPU.ActiveCfg = Debug|Any CPU
		{3D114066-EF17-410B-A7F7-90782923C19B}.Debug|Any CPU.Build.0 = Debug|Any CPU
		{3D114066-EF17-410B-A7F7-90782923C19B}.Release|Any CPU.ActiveCfg = Release|Any CPU
		{3D114066-EF17-410B-A7F7-90782923C19B}.Release|Any CPU.Build.0 = Release|Any CPU
	EndGlobalSection
	GlobalSection(SolutionProperties) = preSolution
		HideSolutionNode = FALSE
	EndGlobalSection
	GlobalSection(ExtensibilityGlobals) = postSolution
		SolutionGuid = {9B14BE16-9435-431B-9078-C9E13F6AB3FC}
	EndGlobalSection
EndGlobal
